// !$*UTF8*$!
{
	archiveVersion = 1;
	classes = {
	};
	objectVersion = 50;
	objects = {

/* Begin PBXBuildFile section */
		191D32CE25B7C46A001DC210 /* Fonts.swift in Sources */ = {isa = PBXBuildFile; fileRef = 191D32CB25B7C46A001DC210 /* Fonts.swift */; };
		191D32CF25B7C46A001DC210 /* Assets.swift in Sources */ = {isa = PBXBuildFile; fileRef = 191D32CC25B7C46A001DC210 /* Assets.swift */; };
		191D32D025B7C46A001DC210 /* Localizable.swift in Sources */ = {isa = PBXBuildFile; fileRef = 191D32CD25B7C46A001DC210 /* Localizable.swift */; };
		195AEDC325B8C3A300180A49 /* AlignmentViewController.swift in Sources */ = {isa = PBXBuildFile; fileRef = 195AEDC225B8C3A300180A49 /* AlignmentViewController.swift */; };
		198A056925B77BE200FDA485 /* Localizable.strings in Resources */ = {isa = PBXBuildFile; fileRef = 198A056825B77BE200FDA485 /* Localizable.strings */; };
		19C0F1E425BAE9700027422B /* FirstRunView.swift in Sources */ = {isa = PBXBuildFile; fileRef = 19C0F1E325BAE9700027422B /* FirstRunView.swift */; };
		19C0F1E925BAE9830027422B /* TwoRunView.swift in Sources */ = {isa = PBXBuildFile; fileRef = 19C0F1E825BAE9830027422B /* TwoRunView.swift */; };
		19C0F1EE25BAEC020027422B /* RunesView.swift in Sources */ = {isa = PBXBuildFile; fileRef = 19C0F1ED25BAEC020027422B /* RunesView.swift */; };
		19C0F1F425BAF07E0027422B /* AligmentViewModel.swift in Sources */ = {isa = PBXBuildFile; fileRef = 19C0F1F325BAF07E0027422B /* AligmentViewModel.swift */; };
		19C0F1FC25BAF9D00027422B /* MainCellModel.swift in Sources */ = {isa = PBXBuildFile; fileRef = 19C0F1FB25BAF9D00027422B /* MainCellModel.swift */; };
		19C0F20A25BAFCB20027422B /* Array+Extensions.swift in Sources */ = {isa = PBXBuildFile; fileRef = 19C0F20925BAFCB20027422B /* Array+Extensions.swift */; };
		19C0F21025BAFDCB0027422B /* AlignmentInfoViewModel.swift in Sources */ = {isa = PBXBuildFile; fileRef = 19C0F20F25BAFDCB0027422B /* AlignmentInfoViewModel.swift */; };
		19C0F21625BAFEB40027422B /* RuneLayout.swift in Sources */ = {isa = PBXBuildFile; fileRef = 19C0F21525BAFEB40027422B /* RuneLayout.swift */; };
		19C0F21B25BAFEFE0027422B /* RuneDescription.swift in Sources */ = {isa = PBXBuildFile; fileRef = 19C0F21A25BAFEFE0027422B /* RuneDescription.swift */; };
		9B97AC7F25AE6E81008FFF3F /* SFProDisplay-Light.ttf in Resources */ = {isa = PBXBuildFile; fileRef = 9B97AC7E25AE6E81008FFF3F /* SFProDisplay-Light.ttf */; };
		9B97AD5825B636BE008FFF3F /* Constants.swift in Sources */ = {isa = PBXBuildFile; fileRef = 9B97AD5725B636BD008FFF3F /* Constants.swift */; };
		9B9C266F25A2173200A4E135 /* DataBase.swift in Sources */ = {isa = PBXBuildFile; fileRef = 9B9C266E25A2173100A4E135 /* DataBase.swift */; };
		9B9F151C2591499A00062F47 /* AmaticSC-Regular.ttf in Resources */ = {isa = PBXBuildFile; fileRef = 9B9F151A2591499A00062F47 /* AmaticSC-Regular.ttf */; };
		9B9F151D2591499A00062F47 /* AmaticSC-Bold.ttf in Resources */ = {isa = PBXBuildFile; fileRef = 9B9F151B2591499A00062F47 /* AmaticSC-Bold.ttf */; };
		9BD228FE258A321B00E17E98 /* AppDelegate.swift in Sources */ = {isa = PBXBuildFile; fileRef = 9BD228FD258A321B00E17E98 /* AppDelegate.swift */; };
		9BD22905258A321B00E17E98 /* Main.storyboard in Resources */ = {isa = PBXBuildFile; fileRef = 9BD22903258A321B00E17E98 /* Main.storyboard */; };
		9BD22907258A321F00E17E98 /* Assets.xcassets in Resources */ = {isa = PBXBuildFile; fileRef = 9BD22906258A321F00E17E98 /* Assets.xcassets */; };
		9BD2290A258A321F00E17E98 /* LaunchScreen.storyboard in Resources */ = {isa = PBXBuildFile; fileRef = 9BD22908258A321F00E17E98 /* LaunchScreen.storyboard */; };
		9BD22915258A322000E17E98 /* RunarTests.swift in Sources */ = {isa = PBXBuildFile; fileRef = 9BD22914258A322000E17E98 /* RunarTests.swift */; };
		9BD22920258A322000E17E98 /* RunarUITests.swift in Sources */ = {isa = PBXBuildFile; fileRef = 9BD2291F258A322000E17E98 /* RunarUITests.swift */; };
		9BD22937258A644400E17E98 /* RunesStoryboard.storyboard in Resources */ = {isa = PBXBuildFile; fileRef = 9BD22936258A644400E17E98 /* RunesStoryboard.storyboard */; };
		9BD22948258A6BE500E17E98 /* SagasStoryboard.storyboard in Resources */ = {isa = PBXBuildFile; fileRef = 9BD22947258A6BE500E17E98 /* SagasStoryboard.storyboard */; };
		9BD2294D258A6F2600E17E98 /* FavouritiesStoryboard.storyboard in Resources */ = {isa = PBXBuildFile; fileRef = 9BD2294C258A6F2600E17E98 /* FavouritiesStoryboard.storyboard */; };
		9BD22952258A6F3D00E17E98 /* SettingsStoryboard.storyboard in Resources */ = {isa = PBXBuildFile; fileRef = 9BD22951258A6F3D00E17E98 /* SettingsStoryboard.storyboard */; };
		9BD2295A258AB02500E17E98 /* CollectionViewController.swift in Sources */ = {isa = PBXBuildFile; fileRef = 9BD22959258AB02500E17E98 /* CollectionViewController.swift */; };
		9BD22972258AD6EF00E17E98 /* MainCell.swift in Sources */ = {isa = PBXBuildFile; fileRef = 9BD22971258AD6EF00E17E98 /* MainCell.swift */; };
		9BD229CA258D776200E17E98 /* Roboto-MediumItalic.ttf in Resources */ = {isa = PBXBuildFile; fileRef = 9BD229BD258D776000E17E98 /* Roboto-MediumItalic.ttf */; };
		9BD229CB258D776200E17E98 /* Roboto-Regular.ttf in Resources */ = {isa = PBXBuildFile; fileRef = 9BD229BE258D776000E17E98 /* Roboto-Regular.ttf */; };
		9BD229CC258D776200E17E98 /* Roboto-Bold.ttf in Resources */ = {isa = PBXBuildFile; fileRef = 9BD229BF258D776000E17E98 /* Roboto-Bold.ttf */; };
		9BD229CD258D776200E17E98 /* Roboto-Light.ttf in Resources */ = {isa = PBXBuildFile; fileRef = 9BD229C0258D776100E17E98 /* Roboto-Light.ttf */; };
		9BD229CE258D776200E17E98 /* Roboto-BlackItalic.ttf in Resources */ = {isa = PBXBuildFile; fileRef = 9BD229C1258D776100E17E98 /* Roboto-BlackItalic.ttf */; };
		9BD229CF258D776200E17E98 /* Roboto-LightItalic.ttf in Resources */ = {isa = PBXBuildFile; fileRef = 9BD229C2258D776100E17E98 /* Roboto-LightItalic.ttf */; };
		9BD229D0258D776200E17E98 /* Roboto-Medium.ttf in Resources */ = {isa = PBXBuildFile; fileRef = 9BD229C3258D776100E17E98 /* Roboto-Medium.ttf */; };
		9BD229D1258D776200E17E98 /* Roboto-Thin.ttf in Resources */ = {isa = PBXBuildFile; fileRef = 9BD229C4258D776100E17E98 /* Roboto-Thin.ttf */; };
		9BD229D2258D776200E17E98 /* Apache License.txt in Resources */ = {isa = PBXBuildFile; fileRef = 9BD229C5258D776100E17E98 /* Apache License.txt */; };
		9BD229D3258D776200E17E98 /* Roboto-Italic.ttf in Resources */ = {isa = PBXBuildFile; fileRef = 9BD229C6258D776100E17E98 /* Roboto-Italic.ttf */; };
		9BD229D4258D776200E17E98 /* Roboto-ThinItalic.ttf in Resources */ = {isa = PBXBuildFile; fileRef = 9BD229C7258D776200E17E98 /* Roboto-ThinItalic.ttf */; };
		9BD229D5258D776200E17E98 /* Roboto-Black.ttf in Resources */ = {isa = PBXBuildFile; fileRef = 9BD229C8258D776200E17E98 /* Roboto-Black.ttf */; };
		9BD229D6258D776200E17E98 /* Roboto-BoldItalic.ttf in Resources */ = {isa = PBXBuildFile; fileRef = 9BD229C9258D776200E17E98 /* Roboto-BoldItalic.ttf */; };
		9BD229DF258D82DD00E17E98 /* AlignmentInfoViewController.swift in Sources */ = {isa = PBXBuildFile; fileRef = 9BD229DE258D82DD00E17E98 /* AlignmentInfoViewController.swift */; };
		DB92AEE5E33DCFB508195B8F /* Pods_Runar.framework in Frameworks */ = {isa = PBXBuildFile; fileRef = 9D4C085582C7EC279C4564B8 /* Pods_Runar.framework */; };
/* End PBXBuildFile section */

/* Begin PBXContainerItemProxy section */
		9BD22911258A322000E17E98 /* PBXContainerItemProxy */ = {
			isa = PBXContainerItemProxy;
			containerPortal = 9BD228F2258A321B00E17E98 /* Project object */;
			proxyType = 1;
			remoteGlobalIDString = 9BD228F9258A321B00E17E98;
			remoteInfo = Runar;
		};
		9BD2291C258A322000E17E98 /* PBXContainerItemProxy */ = {
			isa = PBXContainerItemProxy;
			containerPortal = 9BD228F2258A321B00E17E98 /* Project object */;
			proxyType = 1;
			remoteGlobalIDString = 9BD228F9258A321B00E17E98;
			remoteInfo = Runar;
		};
/* End PBXContainerItemProxy section */

/* Begin PBXFileReference section */
		191D32CB25B7C46A001DC210 /* Fonts.swift */ = {isa = PBXFileReference; fileEncoding = 4; lastKnownFileType = sourcecode.swift; name = Fonts.swift; path = Runar/SwiftGen/Fonts.swift; sourceTree = SOURCE_ROOT; };
		191D32CC25B7C46A001DC210 /* Assets.swift */ = {isa = PBXFileReference; fileEncoding = 4; lastKnownFileType = sourcecode.swift; name = Assets.swift; path = Runar/SwiftGen/Assets.swift; sourceTree = SOURCE_ROOT; };
		191D32CD25B7C46A001DC210 /* Localizable.swift */ = {isa = PBXFileReference; fileEncoding = 4; lastKnownFileType = sourcecode.swift; name = Localizable.swift; path = Runar/SwiftGen/Localizable.swift; sourceTree = SOURCE_ROOT; };
		192EF92C25B7AFB70055DB9D /* swiftgen.yml */ = {isa = PBXFileReference; lastKnownFileType = text.yaml; path = swiftgen.yml; sourceTree = "<group>"; };
		195AEDC225B8C3A300180A49 /* AlignmentViewController.swift */ = {isa = PBXFileReference; lastKnownFileType = sourcecode.swift; path = AlignmentViewController.swift; sourceTree = "<group>"; };
		198A056825B77BE200FDA485 /* Localizable.strings */ = {isa = PBXFileReference; lastKnownFileType = text.plist.strings; path = Localizable.strings; sourceTree = "<group>"; };
		19C0F1E325BAE9700027422B /* FirstRunView.swift */ = {isa = PBXFileReference; lastKnownFileType = sourcecode.swift; path = FirstRunView.swift; sourceTree = "<group>"; };
		19C0F1E825BAE9830027422B /* TwoRunView.swift */ = {isa = PBXFileReference; lastKnownFileType = sourcecode.swift; path = TwoRunView.swift; sourceTree = "<group>"; };
		19C0F1ED25BAEC020027422B /* RunesView.swift */ = {isa = PBXFileReference; lastKnownFileType = sourcecode.swift; path = RunesView.swift; sourceTree = "<group>"; };
		19C0F1F325BAF07E0027422B /* AligmentViewModel.swift */ = {isa = PBXFileReference; lastKnownFileType = sourcecode.swift; path = AligmentViewModel.swift; sourceTree = "<group>"; };
		19C0F1FB25BAF9D00027422B /* MainCellModel.swift */ = {isa = PBXFileReference; lastKnownFileType = sourcecode.swift; path = MainCellModel.swift; sourceTree = "<group>"; };
		19C0F20925BAFCB20027422B /* Array+Extensions.swift */ = {isa = PBXFileReference; fileEncoding = 4; lastKnownFileType = sourcecode.swift; path = "Array+Extensions.swift"; sourceTree = "<group>"; };
		19C0F20F25BAFDCB0027422B /* AlignmentInfoViewModel.swift */ = {isa = PBXFileReference; lastKnownFileType = sourcecode.swift; path = AlignmentInfoViewModel.swift; sourceTree = "<group>"; };
		19C0F21525BAFEB40027422B /* RuneLayout.swift */ = {isa = PBXFileReference; lastKnownFileType = sourcecode.swift; path = RuneLayout.swift; sourceTree = "<group>"; };
		19C0F21A25BAFEFE0027422B /* RuneDescription.swift */ = {isa = PBXFileReference; lastKnownFileType = sourcecode.swift; path = RuneDescription.swift; sourceTree = "<group>"; };
		1A56DC55326BF359E39532FA /* Pods-Runar.release.xcconfig */ = {isa = PBXFileReference; includeInIndex = 1; lastKnownFileType = text.xcconfig; name = "Pods-Runar.release.xcconfig"; path = "Target Support Files/Pods-Runar/Pods-Runar.release.xcconfig"; sourceTree = "<group>"; };
		9B97AC7E25AE6E81008FFF3F /* SFProDisplay-Light.ttf */ = {isa = PBXFileReference; lastKnownFileType = file; path = "SFProDisplay-Light.ttf"; sourceTree = "<group>"; };
		9B97AD5725B636BD008FFF3F /* Constants.swift */ = {isa = PBXFileReference; lastKnownFileType = sourcecode.swift; path = Constants.swift; sourceTree = "<group>"; };
		9B9C266E25A2173100A4E135 /* DataBase.swift */ = {isa = PBXFileReference; lastKnownFileType = sourcecode.swift; path = DataBase.swift; sourceTree = "<group>"; };
		9B9F151A2591499A00062F47 /* AmaticSC-Regular.ttf */ = {isa = PBXFileReference; lastKnownFileType = file; path = "AmaticSC-Regular.ttf"; sourceTree = "<group>"; };
		9B9F151B2591499A00062F47 /* AmaticSC-Bold.ttf */ = {isa = PBXFileReference; lastKnownFileType = file; path = "AmaticSC-Bold.ttf"; sourceTree = "<group>"; };
		9BD228FA258A321B00E17E98 /* Runar.app */ = {isa = PBXFileReference; explicitFileType = wrapper.application; includeInIndex = 0; path = Runar.app; sourceTree = BUILT_PRODUCTS_DIR; };
		9BD228FD258A321B00E17E98 /* AppDelegate.swift */ = {isa = PBXFileReference; lastKnownFileType = sourcecode.swift; path = AppDelegate.swift; sourceTree = "<group>"; };
		9BD22904258A321B00E17E98 /* Base */ = {isa = PBXFileReference; lastKnownFileType = file.storyboard; name = Base; path = Base.lproj/Main.storyboard; sourceTree = "<group>"; };
		9BD22906258A321F00E17E98 /* Assets.xcassets */ = {isa = PBXFileReference; lastKnownFileType = folder.assetcatalog; path = Assets.xcassets; sourceTree = "<group>"; };
		9BD22909258A321F00E17E98 /* Base */ = {isa = PBXFileReference; lastKnownFileType = file.storyboard; name = Base; path = Base.lproj/LaunchScreen.storyboard; sourceTree = "<group>"; };
		9BD2290B258A321F00E17E98 /* Info.plist */ = {isa = PBXFileReference; lastKnownFileType = text.plist.xml; path = Info.plist; sourceTree = "<group>"; };
		9BD22910258A322000E17E98 /* RunarTests.xctest */ = {isa = PBXFileReference; explicitFileType = wrapper.cfbundle; includeInIndex = 0; path = RunarTests.xctest; sourceTree = BUILT_PRODUCTS_DIR; };
		9BD22914258A322000E17E98 /* RunarTests.swift */ = {isa = PBXFileReference; lastKnownFileType = sourcecode.swift; path = RunarTests.swift; sourceTree = "<group>"; };
		9BD22916258A322000E17E98 /* Info.plist */ = {isa = PBXFileReference; lastKnownFileType = text.plist.xml; path = Info.plist; sourceTree = "<group>"; };
		9BD2291B258A322000E17E98 /* RunarUITests.xctest */ = {isa = PBXFileReference; explicitFileType = wrapper.cfbundle; includeInIndex = 0; path = RunarUITests.xctest; sourceTree = BUILT_PRODUCTS_DIR; };
		9BD2291F258A322000E17E98 /* RunarUITests.swift */ = {isa = PBXFileReference; lastKnownFileType = sourcecode.swift; path = RunarUITests.swift; sourceTree = "<group>"; };
		9BD22921258A322000E17E98 /* Info.plist */ = {isa = PBXFileReference; lastKnownFileType = text.plist.xml; path = Info.plist; sourceTree = "<group>"; };
		9BD22936258A644400E17E98 /* RunesStoryboard.storyboard */ = {isa = PBXFileReference; lastKnownFileType = file.storyboard; path = RunesStoryboard.storyboard; sourceTree = "<group>"; };
		9BD22947258A6BE500E17E98 /* SagasStoryboard.storyboard */ = {isa = PBXFileReference; lastKnownFileType = file.storyboard; path = SagasStoryboard.storyboard; sourceTree = "<group>"; };
		9BD2294C258A6F2600E17E98 /* FavouritiesStoryboard.storyboard */ = {isa = PBXFileReference; lastKnownFileType = file.storyboard; path = FavouritiesStoryboard.storyboard; sourceTree = "<group>"; };
		9BD22951258A6F3D00E17E98 /* SettingsStoryboard.storyboard */ = {isa = PBXFileReference; lastKnownFileType = file.storyboard; path = SettingsStoryboard.storyboard; sourceTree = "<group>"; };
		9BD22959258AB02500E17E98 /* CollectionViewController.swift */ = {isa = PBXFileReference; lastKnownFileType = sourcecode.swift; path = CollectionViewController.swift; sourceTree = "<group>"; };
		9BD22971258AD6EF00E17E98 /* MainCell.swift */ = {isa = PBXFileReference; lastKnownFileType = sourcecode.swift; path = MainCell.swift; sourceTree = "<group>"; };
		9BD229BD258D776000E17E98 /* Roboto-MediumItalic.ttf */ = {isa = PBXFileReference; lastKnownFileType = file; path = "Roboto-MediumItalic.ttf"; sourceTree = "<group>"; };
		9BD229BE258D776000E17E98 /* Roboto-Regular.ttf */ = {isa = PBXFileReference; lastKnownFileType = file; path = "Roboto-Regular.ttf"; sourceTree = "<group>"; };
		9BD229BF258D776000E17E98 /* Roboto-Bold.ttf */ = {isa = PBXFileReference; lastKnownFileType = file; path = "Roboto-Bold.ttf"; sourceTree = "<group>"; };
		9BD229C0258D776100E17E98 /* Roboto-Light.ttf */ = {isa = PBXFileReference; lastKnownFileType = file; path = "Roboto-Light.ttf"; sourceTree = "<group>"; };
		9BD229C1258D776100E17E98 /* Roboto-BlackItalic.ttf */ = {isa = PBXFileReference; lastKnownFileType = file; path = "Roboto-BlackItalic.ttf"; sourceTree = "<group>"; };
		9BD229C2258D776100E17E98 /* Roboto-LightItalic.ttf */ = {isa = PBXFileReference; lastKnownFileType = file; path = "Roboto-LightItalic.ttf"; sourceTree = "<group>"; };
		9BD229C3258D776100E17E98 /* Roboto-Medium.ttf */ = {isa = PBXFileReference; lastKnownFileType = file; path = "Roboto-Medium.ttf"; sourceTree = "<group>"; };
		9BD229C4258D776100E17E98 /* Roboto-Thin.ttf */ = {isa = PBXFileReference; lastKnownFileType = file; path = "Roboto-Thin.ttf"; sourceTree = "<group>"; };
		9BD229C5258D776100E17E98 /* Apache License.txt */ = {isa = PBXFileReference; fileEncoding = 4; lastKnownFileType = text; path = "Apache License.txt"; sourceTree = "<group>"; };
		9BD229C6258D776100E17E98 /* Roboto-Italic.ttf */ = {isa = PBXFileReference; lastKnownFileType = file; path = "Roboto-Italic.ttf"; sourceTree = "<group>"; };
		9BD229C7258D776200E17E98 /* Roboto-ThinItalic.ttf */ = {isa = PBXFileReference; lastKnownFileType = file; path = "Roboto-ThinItalic.ttf"; sourceTree = "<group>"; };
		9BD229C8258D776200E17E98 /* Roboto-Black.ttf */ = {isa = PBXFileReference; lastKnownFileType = file; path = "Roboto-Black.ttf"; sourceTree = "<group>"; };
		9BD229C9258D776200E17E98 /* Roboto-BoldItalic.ttf */ = {isa = PBXFileReference; lastKnownFileType = file; path = "Roboto-BoldItalic.ttf"; sourceTree = "<group>"; };
		9BD229DA258D7BD400E17E98 /* PoiretOne-Regular.ttf */ = {isa = PBXFileReference; lastKnownFileType = file; path = "PoiretOne-Regular.ttf"; sourceTree = "<group>"; };
		9BD229DE258D82DD00E17E98 /* AlignmentInfoViewController.swift */ = {isa = PBXFileReference; lastKnownFileType = sourcecode.swift; path = AlignmentInfoViewController.swift; sourceTree = "<group>"; };
		9D4C085582C7EC279C4564B8 /* Pods_Runar.framework */ = {isa = PBXFileReference; explicitFileType = wrapper.framework; includeInIndex = 0; path = Pods_Runar.framework; sourceTree = BUILT_PRODUCTS_DIR; };
		F9215007654A411DBEF358A7 /* Pods-Runar.debug.xcconfig */ = {isa = PBXFileReference; includeInIndex = 1; lastKnownFileType = text.xcconfig; name = "Pods-Runar.debug.xcconfig"; path = "Target Support Files/Pods-Runar/Pods-Runar.debug.xcconfig"; sourceTree = "<group>"; };
/* End PBXFileReference section */

/* Begin PBXFrameworksBuildPhase section */
		9BD228F7258A321B00E17E98 /* Frameworks */ = {
			isa = PBXFrameworksBuildPhase;
			buildActionMask = 2147483647;
			files = (
				DB92AEE5E33DCFB508195B8F /* Pods_Runar.framework in Frameworks */,
			);
			runOnlyForDeploymentPostprocessing = 0;
		};
		9BD2290D258A322000E17E98 /* Frameworks */ = {
			isa = PBXFrameworksBuildPhase;
			buildActionMask = 2147483647;
			files = (
			);
			runOnlyForDeploymentPostprocessing = 0;
		};
		9BD22918258A322000E17E98 /* Frameworks */ = {
			isa = PBXFrameworksBuildPhase;
			buildActionMask = 2147483647;
			files = (
			);
			runOnlyForDeploymentPostprocessing = 0;
		};
/* End PBXFrameworksBuildPhase section */

/* Begin PBXGroup section */
		198A056725B77B9B00FDA485 /* SwiftGen */ = {
			isa = PBXGroup;
			children = (
				191D32CC25B7C46A001DC210 /* Assets.swift */,
				191D32CB25B7C46A001DC210 /* Fonts.swift */,
				191D32CD25B7C46A001DC210 /* Localizable.swift */,
			);
			name = SwiftGen;
			path = Support/SwiftGen;
			sourceTree = "<group>";
		};
		19C0F1F225BAF0540027422B /* Aligment */ = {
			isa = PBXGroup;
			children = (
				195AEDC225B8C3A300180A49 /* AlignmentViewController.swift */,
				19C0F1F325BAF07E0027422B /* AligmentViewModel.swift */,
			);
			path = Aligment;
			sourceTree = "<group>";
		};
		19C0F20025BAFC830027422B /* Extensions */ = {
			isa = PBXGroup;
			children = (
				19C0F20925BAFCB20027422B /* Array+Extensions.swift */,
			);
			path = Extensions;
			sourceTree = "<group>";
		};
		19C0F20E25BAFDA80027422B /* AligmentInfo */ = {
			isa = PBXGroup;
			children = (
				9BD229DE258D82DD00E17E98 /* AlignmentInfoViewController.swift */,
				19C0F20F25BAFDCB0027422B /* AlignmentInfoViewModel.swift */,
			);
			path = AligmentInfo;
			sourceTree = "<group>";
		};
		19C0F21425BAFE9B0027422B /* Models */ = {
			isa = PBXGroup;
			children = (
				19C0F21525BAFEB40027422B /* RuneLayout.swift */,
				19C0F21A25BAFEFE0027422B /* RuneDescription.swift */,
			);
			path = Models;
			sourceTree = "<group>";
		};
		9B9C25C825993DB100A4E135 /* Storyboards */ = {
			isa = PBXGroup;
			children = (
				9BD22903258A321B00E17E98 /* Main.storyboard */,
				9BD22936258A644400E17E98 /* RunesStoryboard.storyboard */,
				9BD22947258A6BE500E17E98 /* SagasStoryboard.storyboard */,
				9BD2294C258A6F2600E17E98 /* FavouritiesStoryboard.storyboard */,
				9BD22951258A6F3D00E17E98 /* SettingsStoryboard.storyboard */,
				9BD22908258A321F00E17E98 /* LaunchScreen.storyboard */,
			);
			path = Storyboards;
			sourceTree = "<group>";
		};
		9B9C25C925993DE000A4E135 /* Controllers */ = {
			isa = PBXGroup;
			children = (
				19C0F20E25BAFDA80027422B /* AligmentInfo */,
				19C0F1F225BAF0540027422B /* Aligment */,
				9BD22959258AB02500E17E98 /* CollectionViewController.swift */,
				9B97AD5725B636BD008FFF3F /* Constants.swift */,
				19C0F1ED25BAEC020027422B /* RunesView.swift */,
				19C0F1E325BAE9700027422B /* FirstRunView.swift */,
				19C0F1E825BAE9830027422B /* TwoRunView.swift */,
			);
			path = Controllers;
			sourceTree = "<group>";
		};
		9B9C25CA25993DF800A4E135 /* Support */ = {
			isa = PBXGroup;
			children = (
				9BD229A8258B7F4F00E17E98 /* Fonts */,
				9BD22906258A321F00E17E98 /* Assets.xcassets */,
				198A056825B77BE200FDA485 /* Localizable.strings */,
				9B9C266E25A2173100A4E135 /* DataBase.swift */,
				9BD228FD258A321B00E17E98 /* AppDelegate.swift */,
			);
			path = Support;
			sourceTree = "<group>";
		};
		9B9C25CB25993E0900A4E135 /* Views */ = {
			isa = PBXGroup;
			children = (
				9B9C25CC25993E1100A4E135 /* Cells */,
			);
			path = Views;
			sourceTree = "<group>";
		};
		9B9C25CC25993E1100A4E135 /* Cells */ = {
			isa = PBXGroup;
			children = (
				9BD22971258AD6EF00E17E98 /* MainCell.swift */,
				19C0F1FB25BAF9D00027422B /* MainCellModel.swift */,
			);
			path = Cells;
			sourceTree = "<group>";
		};
		9BD228F1258A321B00E17E98 = {
			isa = PBXGroup;
			children = (
				192EF92C25B7AFB70055DB9D /* swiftgen.yml */,
				9BD228FC258A321B00E17E98 /* Runar */,
				9BD22913258A322000E17E98 /* RunarTests */,
				9BD2291E258A322000E17E98 /* RunarUITests */,
				9BD228FB258A321B00E17E98 /* Products */,
				A2A5CAEB8FFCA1990E63BEE2 /* Pods */,
				F845FBB93D424E742E7134D4 /* Frameworks */,
			);
			sourceTree = "<group>";
		};
		9BD228FB258A321B00E17E98 /* Products */ = {
			isa = PBXGroup;
			children = (
				9BD228FA258A321B00E17E98 /* Runar.app */,
				9BD22910258A322000E17E98 /* RunarTests.xctest */,
				9BD2291B258A322000E17E98 /* RunarUITests.xctest */,
			);
			name = Products;
			sourceTree = "<group>";
		};
		9BD228FC258A321B00E17E98 /* Runar */ = {
			isa = PBXGroup;
			children = (
				19C0F21425BAFE9B0027422B /* Models */,
				19C0F20025BAFC830027422B /* Extensions */,
				198A056725B77B9B00FDA485 /* SwiftGen */,
				9BD2290B258A321F00E17E98 /* Info.plist */,
				9B9C25CB25993E0900A4E135 /* Views */,
				9B9C25CA25993DF800A4E135 /* Support */,
				9B9C25C925993DE000A4E135 /* Controllers */,
				9B9C25C825993DB100A4E135 /* Storyboards */,
			);
			path = Runar;
			sourceTree = "<group>";
		};
		9BD22913258A322000E17E98 /* RunarTests */ = {
			isa = PBXGroup;
			children = (
				9BD22914258A322000E17E98 /* RunarTests.swift */,
				9BD22916258A322000E17E98 /* Info.plist */,
			);
			path = RunarTests;
			sourceTree = "<group>";
		};
		9BD2291E258A322000E17E98 /* RunarUITests */ = {
			isa = PBXGroup;
			children = (
				9BD2291F258A322000E17E98 /* RunarUITests.swift */,
				9BD22921258A322000E17E98 /* Info.plist */,
			);
			path = RunarUITests;
			sourceTree = "<group>";
		};
		9BD229A8258B7F4F00E17E98 /* Fonts */ = {
			isa = PBXGroup;
			children = (
				9B9F151B2591499A00062F47 /* AmaticSC-Bold.ttf */,
				9B9F151A2591499A00062F47 /* AmaticSC-Regular.ttf */,
				9BD229DA258D7BD400E17E98 /* PoiretOne-Regular.ttf */,
				9BD229BC258D773900E17E98 /* Roboto */,
			);
			path = Fonts;
			sourceTree = "<group>";
		};
		9BD229BC258D773900E17E98 /* Roboto */ = {
			isa = PBXGroup;
			children = (
				9BD229C5258D776100E17E98 /* Apache License.txt */,
				9BD229C8258D776200E17E98 /* Roboto-Black.ttf */,
				9BD229C1258D776100E17E98 /* Roboto-BlackItalic.ttf */,
				9BD229BF258D776000E17E98 /* Roboto-Bold.ttf */,
				9BD229C9258D776200E17E98 /* Roboto-BoldItalic.ttf */,
				9BD229C6258D776100E17E98 /* Roboto-Italic.ttf */,
				9BD229C0258D776100E17E98 /* Roboto-Light.ttf */,
				9BD229C2258D776100E17E98 /* Roboto-LightItalic.ttf */,
				9BD229C3258D776100E17E98 /* Roboto-Medium.ttf */,
				9BD229BD258D776000E17E98 /* Roboto-MediumItalic.ttf */,
				9BD229BE258D776000E17E98 /* Roboto-Regular.ttf */,
				9B97AC7E25AE6E81008FFF3F /* SFProDisplay-Light.ttf */,
				9BD229C4258D776100E17E98 /* Roboto-Thin.ttf */,
				9BD229C7258D776200E17E98 /* Roboto-ThinItalic.ttf */,
			);
			path = Roboto;
			sourceTree = "<group>";
		};
		A2A5CAEB8FFCA1990E63BEE2 /* Pods */ = {
			isa = PBXGroup;
			children = (
				F9215007654A411DBEF358A7 /* Pods-Runar.debug.xcconfig */,
				1A56DC55326BF359E39532FA /* Pods-Runar.release.xcconfig */,
			);
			path = Pods;
			sourceTree = "<group>";
		};
		F845FBB93D424E742E7134D4 /* Frameworks */ = {
			isa = PBXGroup;
			children = (
				9D4C085582C7EC279C4564B8 /* Pods_Runar.framework */,
			);
			name = Frameworks;
			sourceTree = "<group>";
		};
/* End PBXGroup section */

/* Begin PBXNativeTarget section */
		9BD228F9258A321B00E17E98 /* Runar */ = {
			isa = PBXNativeTarget;
			buildConfigurationList = 9BD22924258A322000E17E98 /* Build configuration list for PBXNativeTarget "Runar" */;
			buildPhases = (
				195F59B425B78DD2000EDDB1 /* SwiftGen */,
				E310DAD7AEB8D84FE584879F /* [CP] Check Pods Manifest.lock */,
				9BD228F6258A321B00E17E98 /* Sources */,
				9BD228F7258A321B00E17E98 /* Frameworks */,
				9BD228F8258A321B00E17E98 /* Resources */,
			);
			buildRules = (
			);
			dependencies = (
			);
			name = Runar;
			productName = Runar;
			productReference = 9BD228FA258A321B00E17E98 /* Runar.app */;
			productType = "com.apple.product-type.application";
		};
		9BD2290F258A322000E17E98 /* RunarTests */ = {
			isa = PBXNativeTarget;
			buildConfigurationList = 9BD22927258A322000E17E98 /* Build configuration list for PBXNativeTarget "RunarTests" */;
			buildPhases = (
				9BD2290C258A322000E17E98 /* Sources */,
				9BD2290D258A322000E17E98 /* Frameworks */,
				9BD2290E258A322000E17E98 /* Resources */,
			);
			buildRules = (
			);
			dependencies = (
				9BD22912258A322000E17E98 /* PBXTargetDependency */,
			);
			name = RunarTests;
			productName = RunarTests;
			productReference = 9BD22910258A322000E17E98 /* RunarTests.xctest */;
			productType = "com.apple.product-type.bundle.unit-test";
		};
		9BD2291A258A322000E17E98 /* RunarUITests */ = {
			isa = PBXNativeTarget;
			buildConfigurationList = 9BD2292A258A322000E17E98 /* Build configuration list for PBXNativeTarget "RunarUITests" */;
			buildPhases = (
				9BD22917258A322000E17E98 /* Sources */,
				9BD22918258A322000E17E98 /* Frameworks */,
				9BD22919258A322000E17E98 /* Resources */,
			);
			buildRules = (
			);
			dependencies = (
				9BD2291D258A322000E17E98 /* PBXTargetDependency */,
			);
			name = RunarUITests;
			productName = RunarUITests;
			productReference = 9BD2291B258A322000E17E98 /* RunarUITests.xctest */;
			productType = "com.apple.product-type.bundle.ui-testing";
		};
/* End PBXNativeTarget section */

/* Begin PBXProject section */
		9BD228F2258A321B00E17E98 /* Project object */ = {
			isa = PBXProject;
			attributes = {
				LastSwiftUpdateCheck = 1220;
				LastUpgradeCheck = 1220;
				TargetAttributes = {
					9BD228F9258A321B00E17E98 = {
						CreatedOnToolsVersion = 12.2;
					};
					9BD2290F258A322000E17E98 = {
						CreatedOnToolsVersion = 12.2;
						TestTargetID = 9BD228F9258A321B00E17E98;
					};
					9BD2291A258A322000E17E98 = {
						CreatedOnToolsVersion = 12.2;
						TestTargetID = 9BD228F9258A321B00E17E98;
					};
				};
			};
			buildConfigurationList = 9BD228F5258A321B00E17E98 /* Build configuration list for PBXProject "Runar" */;
			compatibilityVersion = "Xcode 9.3";
			developmentRegion = en;
			hasScannedForEncodings = 0;
			knownRegions = (
				en,
				Base,
			);
			mainGroup = 9BD228F1258A321B00E17E98;
			productRefGroup = 9BD228FB258A321B00E17E98 /* Products */;
			projectDirPath = "";
			projectRoot = "";
			targets = (
				9BD228F9258A321B00E17E98 /* Runar */,
				9BD2290F258A322000E17E98 /* RunarTests */,
				9BD2291A258A322000E17E98 /* RunarUITests */,
			);
		};
/* End PBXProject section */

/* Begin PBXResourcesBuildPhase section */
		9BD228F8258A321B00E17E98 /* Resources */ = {
			isa = PBXResourcesBuildPhase;
			buildActionMask = 2147483647;
			files = (
				9BD229CC258D776200E17E98 /* Roboto-Bold.ttf in Resources */,
				9BD229CD258D776200E17E98 /* Roboto-Light.ttf in Resources */,
				9BD229D3258D776200E17E98 /* Roboto-Italic.ttf in Resources */,
				9BD2290A258A321F00E17E98 /* LaunchScreen.storyboard in Resources */,
				9BD22952258A6F3D00E17E98 /* SettingsStoryboard.storyboard in Resources */,
				9BD229CA258D776200E17E98 /* Roboto-MediumItalic.ttf in Resources */,
				9BD229CE258D776200E17E98 /* Roboto-BlackItalic.ttf in Resources */,
				9BD229D0258D776200E17E98 /* Roboto-Medium.ttf in Resources */,
				9BD22907258A321F00E17E98 /* Assets.xcassets in Resources */,
				9B9F151D2591499A00062F47 /* AmaticSC-Bold.ttf in Resources */,
				9BD2294D258A6F2600E17E98 /* FavouritiesStoryboard.storyboard in Resources */,
				9BD229CF258D776200E17E98 /* Roboto-LightItalic.ttf in Resources */,
				9BD229D4258D776200E17E98 /* Roboto-ThinItalic.ttf in Resources */,
				9BD22948258A6BE500E17E98 /* SagasStoryboard.storyboard in Resources */,
				9BD229D1258D776200E17E98 /* Roboto-Thin.ttf in Resources */,
				9BD22905258A321B00E17E98 /* Main.storyboard in Resources */,
				9BD229D6258D776200E17E98 /* Roboto-BoldItalic.ttf in Resources */,
				9BD229CB258D776200E17E98 /* Roboto-Regular.ttf in Resources */,
				9B9F151C2591499A00062F47 /* AmaticSC-Regular.ttf in Resources */,
				9BD229D2258D776200E17E98 /* Apache License.txt in Resources */,
				9BD229D5258D776200E17E98 /* Roboto-Black.ttf in Resources */,
				198A056925B77BE200FDA485 /* Localizable.strings in Resources */,
				9BD22937258A644400E17E98 /* RunesStoryboard.storyboard in Resources */,
				9B97AC7F25AE6E81008FFF3F /* SFProDisplay-Light.ttf in Resources */,
			);
			runOnlyForDeploymentPostprocessing = 0;
		};
		9BD2290E258A322000E17E98 /* Resources */ = {
			isa = PBXResourcesBuildPhase;
			buildActionMask = 2147483647;
			files = (
			);
			runOnlyForDeploymentPostprocessing = 0;
		};
		9BD22919258A322000E17E98 /* Resources */ = {
			isa = PBXResourcesBuildPhase;
			buildActionMask = 2147483647;
			files = (
			);
			runOnlyForDeploymentPostprocessing = 0;
		};
/* End PBXResourcesBuildPhase section */

/* Begin PBXShellScriptBuildPhase section */
		195F59B425B78DD2000EDDB1 /* SwiftGen */ = {
			isa = PBXShellScriptBuildPhase;
			buildActionMask = 2147483647;
			files = (
			);
			inputFileListPaths = (
			);
			inputPaths = (
			);
			name = SwiftGen;
			outputFileListPaths = (
			);
			outputPaths = (
			);
			runOnlyForDeploymentPostprocessing = 0;
			shellPath = /bin/sh;
			shellScript = "if [[ -f \"${PODS_ROOT}/SwiftGen/bin/swiftgen\" ]]; then\n  \"${PODS_ROOT}/SwiftGen/bin/swiftgen\" \nelse\n  echo \"warning: SwiftGen is not installed. Run 'pod install --repo-update' to install it.\"\nfi\n";
		};
		E310DAD7AEB8D84FE584879F /* [CP] Check Pods Manifest.lock */ = {
			isa = PBXShellScriptBuildPhase;
			buildActionMask = 2147483647;
			files = (
			);
			inputFileListPaths = (
			);
			inputPaths = (
				"${PODS_PODFILE_DIR_PATH}/Podfile.lock",
				"${PODS_ROOT}/Manifest.lock",
			);
			name = "[CP] Check Pods Manifest.lock";
			outputFileListPaths = (
			);
			outputPaths = (
				"$(DERIVED_FILE_DIR)/Pods-Runar-checkManifestLockResult.txt",
			);
			runOnlyForDeploymentPostprocessing = 0;
			shellPath = /bin/sh;
			shellScript = "diff \"${PODS_PODFILE_DIR_PATH}/Podfile.lock\" \"${PODS_ROOT}/Manifest.lock\" > /dev/null\nif [ $? != 0 ] ; then\n    # print error to STDERR\n    echo \"error: The sandbox is not in sync with the Podfile.lock. Run 'pod install' or update your CocoaPods installation.\" >&2\n    exit 1\nfi\n# This output is used by Xcode 'outputs' to avoid re-running this script phase.\necho \"SUCCESS\" > \"${SCRIPT_OUTPUT_FILE_0}\"\n";
			showEnvVarsInLog = 0;
		};
/* End PBXShellScriptBuildPhase section */

/* Begin PBXSourcesBuildPhase section */
		9BD228F6258A321B00E17E98 /* Sources */ = {
			isa = PBXSourcesBuildPhase;
			buildActionMask = 2147483647;
			files = (
				191D32CE25B7C46A001DC210 /* Fonts.swift in Sources */,
				19C0F1E925BAE9830027422B /* TwoRunView.swift in Sources */,
				19C0F1E425BAE9700027422B /* FirstRunView.swift in Sources */,
				9B9C266F25A2173200A4E135 /* DataBase.swift in Sources */,
				195AEDC325B8C3A300180A49 /* AlignmentViewController.swift in Sources */,
				19C0F1FC25BAF9D00027422B /* MainCellModel.swift in Sources */,
				19C0F21025BAFDCB0027422B /* AlignmentInfoViewModel.swift in Sources */,
				191D32CF25B7C46A001DC210 /* Assets.swift in Sources */,
				9BD2295A258AB02500E17E98 /* CollectionViewController.swift in Sources */,
				19C0F1F425BAF07E0027422B /* AligmentViewModel.swift in Sources */,
				9BD228FE258A321B00E17E98 /* AppDelegate.swift in Sources */,
				9BD229DF258D82DD00E17E98 /* AlignmentInfoViewController.swift in Sources */,
				19C0F20A25BAFCB20027422B /* Array+Extensions.swift in Sources */,
				9BD22972258AD6EF00E17E98 /* MainCell.swift in Sources */,
				19C0F1EE25BAEC020027422B /* RunesView.swift in Sources */,
				19C0F21625BAFEB40027422B /* RuneLayout.swift in Sources */,
				19C0F21B25BAFEFE0027422B /* RuneDescription.swift in Sources */,
				191D32D025B7C46A001DC210 /* Localizable.swift in Sources */,
				9B97AD5825B636BE008FFF3F /* Constants.swift in Sources */,
			);
			runOnlyForDeploymentPostprocessing = 0;
		};
		9BD2290C258A322000E17E98 /* Sources */ = {
			isa = PBXSourcesBuildPhase;
			buildActionMask = 2147483647;
			files = (
				9BD22915258A322000E17E98 /* RunarTests.swift in Sources */,
			);
			runOnlyForDeploymentPostprocessing = 0;
		};
		9BD22917258A322000E17E98 /* Sources */ = {
			isa = PBXSourcesBuildPhase;
			buildActionMask = 2147483647;
			files = (
				9BD22920258A322000E17E98 /* RunarUITests.swift in Sources */,
			);
			runOnlyForDeploymentPostprocessing = 0;
		};
/* End PBXSourcesBuildPhase section */

/* Begin PBXTargetDependency section */
		9BD22912258A322000E17E98 /* PBXTargetDependency */ = {
			isa = PBXTargetDependency;
			target = 9BD228F9258A321B00E17E98 /* Runar */;
			targetProxy = 9BD22911258A322000E17E98 /* PBXContainerItemProxy */;
		};
		9BD2291D258A322000E17E98 /* PBXTargetDependency */ = {
			isa = PBXTargetDependency;
			target = 9BD228F9258A321B00E17E98 /* Runar */;
			targetProxy = 9BD2291C258A322000E17E98 /* PBXContainerItemProxy */;
		};
/* End PBXTargetDependency section */

/* Begin PBXVariantGroup section */
		9BD22903258A321B00E17E98 /* Main.storyboard */ = {
			isa = PBXVariantGroup;
			children = (
				9BD22904258A321B00E17E98 /* Base */,
			);
			name = Main.storyboard;
			sourceTree = "<group>";
		};
		9BD22908258A321F00E17E98 /* LaunchScreen.storyboard */ = {
			isa = PBXVariantGroup;
			children = (
				9BD22909258A321F00E17E98 /* Base */,
			);
			name = LaunchScreen.storyboard;
			sourceTree = "<group>";
		};
/* End PBXVariantGroup section */

/* Begin XCBuildConfiguration section */
		9BD22922258A322000E17E98 /* Debug */ = {
			isa = XCBuildConfiguration;
			buildSettings = {
				ALWAYS_SEARCH_USER_PATHS = NO;
				CLANG_ANALYZER_NONNULL = YES;
				CLANG_ANALYZER_NUMBER_OBJECT_CONVERSION = YES_AGGRESSIVE;
				CLANG_CXX_LANGUAGE_STANDARD = "gnu++14";
				CLANG_CXX_LIBRARY = "libc++";
				CLANG_ENABLE_MODULES = YES;
				CLANG_ENABLE_OBJC_ARC = YES;
				CLANG_ENABLE_OBJC_WEAK = YES;
				CLANG_WARN_BLOCK_CAPTURE_AUTORELEASING = YES;
				CLANG_WARN_BOOL_CONVERSION = YES;
				CLANG_WARN_COMMA = YES;
				CLANG_WARN_CONSTANT_CONVERSION = YES;
				CLANG_WARN_DEPRECATED_OBJC_IMPLEMENTATIONS = YES;
				CLANG_WARN_DIRECT_OBJC_ISA_USAGE = YES_ERROR;
				CLANG_WARN_DOCUMENTATION_COMMENTS = YES;
				CLANG_WARN_EMPTY_BODY = YES;
				CLANG_WARN_ENUM_CONVERSION = YES;
				CLANG_WARN_INFINITE_RECURSION = YES;
				CLANG_WARN_INT_CONVERSION = YES;
				CLANG_WARN_NON_LITERAL_NULL_CONVERSION = YES;
				CLANG_WARN_OBJC_IMPLICIT_RETAIN_SELF = YES;
				CLANG_WARN_OBJC_LITERAL_CONVERSION = YES;
				CLANG_WARN_OBJC_ROOT_CLASS = YES_ERROR;
				CLANG_WARN_QUOTED_INCLUDE_IN_FRAMEWORK_HEADER = YES;
				CLANG_WARN_RANGE_LOOP_ANALYSIS = YES;
				CLANG_WARN_STRICT_PROTOTYPES = YES;
				CLANG_WARN_SUSPICIOUS_MOVE = YES;
				CLANG_WARN_UNGUARDED_AVAILABILITY = YES_AGGRESSIVE;
				CLANG_WARN_UNREACHABLE_CODE = YES;
				CLANG_WARN__DUPLICATE_METHOD_MATCH = YES;
				COPY_PHASE_STRIP = NO;
				DEBUG_INFORMATION_FORMAT = dwarf;
				ENABLE_STRICT_OBJC_MSGSEND = YES;
				ENABLE_TESTABILITY = YES;
				GCC_C_LANGUAGE_STANDARD = gnu11;
				GCC_DYNAMIC_NO_PIC = NO;
				GCC_NO_COMMON_BLOCKS = YES;
				GCC_OPTIMIZATION_LEVEL = 0;
				GCC_PREPROCESSOR_DEFINITIONS = (
					"DEBUG=1",
					"$(inherited)",
				);
				GCC_WARN_64_TO_32_BIT_CONVERSION = YES;
				GCC_WARN_ABOUT_RETURN_TYPE = YES_ERROR;
				GCC_WARN_UNDECLARED_SELECTOR = YES;
				GCC_WARN_UNINITIALIZED_AUTOS = YES_AGGRESSIVE;
				GCC_WARN_UNUSED_FUNCTION = YES;
				GCC_WARN_UNUSED_VARIABLE = YES;
				IPHONEOS_DEPLOYMENT_TARGET = 11.0;
				MTL_ENABLE_DEBUG_INFO = INCLUDE_SOURCE;
				MTL_FAST_MATH = YES;
				ONLY_ACTIVE_ARCH = YES;
				SDKROOT = iphoneos;
				SWIFT_ACTIVE_COMPILATION_CONDITIONS = DEBUG;
				SWIFT_OPTIMIZATION_LEVEL = "-Onone";
			};
			name = Debug;
		};
		9BD22923258A322000E17E98 /* Release */ = {
			isa = XCBuildConfiguration;
			buildSettings = {
				ALWAYS_SEARCH_USER_PATHS = NO;
				CLANG_ANALYZER_NONNULL = YES;
				CLANG_ANALYZER_NUMBER_OBJECT_CONVERSION = YES_AGGRESSIVE;
				CLANG_CXX_LANGUAGE_STANDARD = "gnu++14";
				CLANG_CXX_LIBRARY = "libc++";
				CLANG_ENABLE_MODULES = YES;
				CLANG_ENABLE_OBJC_ARC = YES;
				CLANG_ENABLE_OBJC_WEAK = YES;
				CLANG_WARN_BLOCK_CAPTURE_AUTORELEASING = YES;
				CLANG_WARN_BOOL_CONVERSION = YES;
				CLANG_WARN_COMMA = YES;
				CLANG_WARN_CONSTANT_CONVERSION = YES;
				CLANG_WARN_DEPRECATED_OBJC_IMPLEMENTATIONS = YES;
				CLANG_WARN_DIRECT_OBJC_ISA_USAGE = YES_ERROR;
				CLANG_WARN_DOCUMENTATION_COMMENTS = YES;
				CLANG_WARN_EMPTY_BODY = YES;
				CLANG_WARN_ENUM_CONVERSION = YES;
				CLANG_WARN_INFINITE_RECURSION = YES;
				CLANG_WARN_INT_CONVERSION = YES;
				CLANG_WARN_NON_LITERAL_NULL_CONVERSION = YES;
				CLANG_WARN_OBJC_IMPLICIT_RETAIN_SELF = YES;
				CLANG_WARN_OBJC_LITERAL_CONVERSION = YES;
				CLANG_WARN_OBJC_ROOT_CLASS = YES_ERROR;
				CLANG_WARN_QUOTED_INCLUDE_IN_FRAMEWORK_HEADER = YES;
				CLANG_WARN_RANGE_LOOP_ANALYSIS = YES;
				CLANG_WARN_STRICT_PROTOTYPES = YES;
				CLANG_WARN_SUSPICIOUS_MOVE = YES;
				CLANG_WARN_UNGUARDED_AVAILABILITY = YES_AGGRESSIVE;
				CLANG_WARN_UNREACHABLE_CODE = YES;
				CLANG_WARN__DUPLICATE_METHOD_MATCH = YES;
				COPY_PHASE_STRIP = NO;
				DEBUG_INFORMATION_FORMAT = "dwarf-with-dsym";
				ENABLE_NS_ASSERTIONS = NO;
				ENABLE_STRICT_OBJC_MSGSEND = YES;
				GCC_C_LANGUAGE_STANDARD = gnu11;
				GCC_NO_COMMON_BLOCKS = YES;
				GCC_WARN_64_TO_32_BIT_CONVERSION = YES;
				GCC_WARN_ABOUT_RETURN_TYPE = YES_ERROR;
				GCC_WARN_UNDECLARED_SELECTOR = YES;
				GCC_WARN_UNINITIALIZED_AUTOS = YES_AGGRESSIVE;
				GCC_WARN_UNUSED_FUNCTION = YES;
				GCC_WARN_UNUSED_VARIABLE = YES;
				IPHONEOS_DEPLOYMENT_TARGET = 11.0;
				MTL_ENABLE_DEBUG_INFO = NO;
				MTL_FAST_MATH = YES;
				SDKROOT = iphoneos;
				SWIFT_COMPILATION_MODE = wholemodule;
				SWIFT_OPTIMIZATION_LEVEL = "-O";
				VALIDATE_PRODUCT = YES;
			};
			name = Release;
		};
		9BD22925258A322000E17E98 /* Debug */ = {
			isa = XCBuildConfiguration;
			baseConfigurationReference = F9215007654A411DBEF358A7 /* Pods-Runar.debug.xcconfig */;
			buildSettings = {
				ASSETCATALOG_COMPILER_APPICON_NAME = AppIcon;
				ASSETCATALOG_COMPILER_GLOBAL_ACCENT_COLOR_NAME = AccentColor;
				CODE_SIGN_STYLE = Automatic;
				DEVELOPMENT_TEAM = UAC36J6PJ8;
				INFOPLIST_FILE = Runar/Info.plist;
				LD_RUNPATH_SEARCH_PATHS = (
					"$(inherited)",
					"@executable_path/Frameworks",
				);
				PRODUCT_BUNDLE_IDENTIFIER = com.Runar;
				PRODUCT_NAME = "$(TARGET_NAME)";
				SWIFT_VERSION = 5.0;
				TARGETED_DEVICE_FAMILY = "1,2";
			};
			name = Debug;
		};
		9BD22926258A322000E17E98 /* Release */ = {
			isa = XCBuildConfiguration;
			baseConfigurationReference = 1A56DC55326BF359E39532FA /* Pods-Runar.release.xcconfig */;
			buildSettings = {
				ASSETCATALOG_COMPILER_APPICON_NAME = AppIcon;
				ASSETCATALOG_COMPILER_GLOBAL_ACCENT_COLOR_NAME = AccentColor;
				CODE_SIGN_STYLE = Automatic;
				DEVELOPMENT_TEAM = UAC36J6PJ8;
				INFOPLIST_FILE = Runar/Info.plist;
				LD_RUNPATH_SEARCH_PATHS = (
					"$(inherited)",
					"@executable_path/Frameworks",
				);
				PRODUCT_BUNDLE_IDENTIFIER = com.Runar;
				PRODUCT_NAME = "$(TARGET_NAME)";
				SWIFT_VERSION = 5.0;
				TARGETED_DEVICE_FAMILY = "1,2";
			};
			name = Release;
		};
		9BD22928258A322000E17E98 /* Debug */ = {
			isa = XCBuildConfiguration;
			buildSettings = {
				ALWAYS_EMBED_SWIFT_STANDARD_LIBRARIES = YES;
				BUNDLE_LOADER = "$(TEST_HOST)";
				CODE_SIGN_STYLE = Automatic;
				INFOPLIST_FILE = RunarTests/Info.plist;
				IPHONEOS_DEPLOYMENT_TARGET = 14.2;
				LD_RUNPATH_SEARCH_PATHS = (
					"$(inherited)",
					"@executable_path/Frameworks",
					"@loader_path/Frameworks",
				);
				PRODUCT_BUNDLE_IDENTIFIER = com.RunarTests;
				PRODUCT_NAME = "$(TARGET_NAME)";
				SWIFT_VERSION = 5.0;
				TARGETED_DEVICE_FAMILY = "1,2";
				TEST_HOST = "$(BUILT_PRODUCTS_DIR)/Runar.app/Runar";
			};
			name = Debug;
		};
		9BD22929258A322000E17E98 /* Release */ = {
			isa = XCBuildConfiguration;
			buildSettings = {
				ALWAYS_EMBED_SWIFT_STANDARD_LIBRARIES = YES;
				BUNDLE_LOADER = "$(TEST_HOST)";
				CODE_SIGN_STYLE = Automatic;
				INFOPLIST_FILE = RunarTests/Info.plist;
				IPHONEOS_DEPLOYMENT_TARGET = 14.2;
				LD_RUNPATH_SEARCH_PATHS = (
					"$(inherited)",
					"@executable_path/Frameworks",
					"@loader_path/Frameworks",
				);
				PRODUCT_BUNDLE_IDENTIFIER = com.RunarTests;
				PRODUCT_NAME = "$(TARGET_NAME)";
				SWIFT_VERSION = 5.0;
				TARGETED_DEVICE_FAMILY = "1,2";
				TEST_HOST = "$(BUILT_PRODUCTS_DIR)/Runar.app/Runar";
			};
			name = Release;
		};
		9BD2292B258A322000E17E98 /* Debug */ = {
			isa = XCBuildConfiguration;
			buildSettings = {
				ALWAYS_EMBED_SWIFT_STANDARD_LIBRARIES = YES;
				CODE_SIGN_STYLE = Automatic;
				INFOPLIST_FILE = RunarUITests/Info.plist;
				LD_RUNPATH_SEARCH_PATHS = (
					"$(inherited)",
					"@executable_path/Frameworks",
					"@loader_path/Frameworks",
				);
				PRODUCT_BUNDLE_IDENTIFIER = com.RunarUITests;
				PRODUCT_NAME = "$(TARGET_NAME)";
				SWIFT_VERSION = 5.0;
				TARGETED_DEVICE_FAMILY = "1,2";
				TEST_TARGET_NAME = Runar;
			};
			name = Debug;
		};
		9BD2292C258A322000E17E98 /* Release */ = {
			isa = XCBuildConfiguration;
			buildSettings = {
				ALWAYS_EMBED_SWIFT_STANDARD_LIBRARIES = YES;
				CODE_SIGN_STYLE = Automatic;
				INFOPLIST_FILE = RunarUITests/Info.plist;
				LD_RUNPATH_SEARCH_PATHS = (
					"$(inherited)",
					"@executable_path/Frameworks",
					"@loader_path/Frameworks",
				);
				PRODUCT_BUNDLE_IDENTIFIER = com.RunarUITests;
				PRODUCT_NAME = "$(TARGET_NAME)";
				SWIFT_VERSION = 5.0;
				TARGETED_DEVICE_FAMILY = "1,2";
				TEST_TARGET_NAME = Runar;
			};
			name = Release;
		};
/* End XCBuildConfiguration section */

/* Begin XCConfigurationList section */
		9BD228F5258A321B00E17E98 /* Build configuration list for PBXProject "Runar" */ = {
			isa = XCConfigurationList;
			buildConfigurations = (
				9BD22922258A322000E17E98 /* Debug */,
				9BD22923258A322000E17E98 /* Release */,
			);
			defaultConfigurationIsVisible = 0;
			defaultConfigurationName = Release;
		};
		9BD22924258A322000E17E98 /* Build configuration list for PBXNativeTarget "Runar" */ = {
			isa = XCConfigurationList;
			buildConfigurations = (
				9BD22925258A322000E17E98 /* Debug */,
				9BD22926258A322000E17E98 /* Release */,
			);
			defaultConfigurationIsVisible = 0;
			defaultConfigurationName = Release;
		};
		9BD22927258A322000E17E98 /* Build configuration list for PBXNativeTarget "RunarTests" */ = {
			isa = XCConfigurationList;
			buildConfigurations = (
				9BD22928258A322000E17E98 /* Debug */,
				9BD22929258A322000E17E98 /* Release */,
			);
			defaultConfigurationIsVisible = 0;
			defaultConfigurationName = Release;
		};
		9BD2292A258A322000E17E98 /* Build configuration list for PBXNativeTarget "RunarUITests" */ = {
			isa = XCConfigurationList;
			buildConfigurations = (
				9BD2292B258A322000E17E98 /* Debug */,
				9BD2292C258A322000E17E98 /* Release */,
			);
			defaultConfigurationIsVisible = 0;
			defaultConfigurationName = Release;
		};
/* End XCConfigurationList section */
	};
	rootObject = 9BD228F2258A321B00E17E98 /* Project object */;
}
